
Microsoft Visual Studio Solution File, Format Version 12.00
# Visual Studio Version 16
VisualStudioVersion = 16.0.30907.101
MinimumVisualStudioVersion = 10.0.40219.1
Project("{9A19103F-16F7-4668-BE54-9A1E7A4F7556}") = "JaegerNetCore", "JaegerNetCore\JaegerNetCore.csproj", "{6C7748A8-A9E2-4123-97CA-4B6C05B81EA6}"
EndProject
Project("{2150E333-8FDC-42A3-9474-1A3956D46DE8}") = "Solution Items", "Solution Items", "{B72D9129-60C5-4985-8F2E-1DC3F89199A5}"
	ProjectSection(SolutionItems) = preProject
		common.props = common.props
	EndProjectSection
EndProject
Project("{FAE04EC0-301F-11D3-BF4B-00C04F79EFBC}") = "ClientTwo", "ClientTwo\ClientTwo.csproj", "{68FCE874-CC0D-456D-B1BC-FA560D2280F3}"
EndProject
Global
	GlobalSection(SolutionConfigurationPlatforms) = preSolution
		Debug|Any CPU = Debug|Any CPU
		Release|Any CPU = Release|Any CPU
	EndGlobalSection
	GlobalSection(ProjectConfigurationPlatforms) = postSolution
		{6C7748A8-A9E2-4123-97CA-4B6C05B81EA6}.Debug|Any CPU.ActiveCfg = Debug|Any CPU
		{6C7748A8-A9E2-4123-97CA-4B6C05B81EA6}.Debug|Any CPU.Build.0 = Debug|Any CPU
		{6C7748A8-A9E2-4123-97CA-4B6C05B81EA6}.Release|Any CPU.ActiveCfg = Release|Any CPU
		{6C7748A8-A9E2-4123-97CA-4B6C05B81EA6}.Release|Any CPU.Build.0 = Release|Any CPU
		{68FCE874-CC0D-456D-B1BC-FA560D2280F3}.Debug|Any CPU.ActiveCfg = Debug|Any CPU
		{68FCE874-CC0D-456D-B1BC-FA560D2280F3}.Debug|Any CPU.Build.0 = Debug|Any CPU
		{68FCE874-CC0D-456D-B1BC-FA560D2280F3}.Release|Any CPU.ActiveCfg = Release|Any CPU
		{68FCE874-CC0D-456D-B1BC-FA560D2280F3}.Release|Any CPU.Build.0 = Release|Any CPU
	EndGlobalSection
	GlobalSection(SolutionProperties) = preSolution
		HideSolutionNode = FALSE
	EndGlobalSection
	GlobalSection(ExtensibilityGlobals) = postSolution
		SolutionGuid = {EADDAC80-E4AC-4953-8121-622714242BF9}
	EndGlobalSection
EndGlobal
